// !$*UTF8*$!
{
	archiveVersion = 1;
	classes = {
	};
	objectVersion = 50;
	objects = {

/* Begin PBXBuildFile section */
		B72CAB90236E24F3001D71C7 /* AppDelegate.swift in Sources */ = {isa = PBXBuildFile; fileRef = B72CAB8F236E24F3001D71C7 /* AppDelegate.swift */; };
		B72CAB92236E24F3001D71C7 /* ContentView.swift in Sources */ = {isa = PBXBuildFile; fileRef = B72CAB91236E24F3001D71C7 /* ContentView.swift */; };
		B72CAB95236E24F3001D71C7 /* Previewer.xcdatamodeld in Sources */ = {isa = PBXBuildFile; fileRef = B72CAB93236E24F3001D71C7 /* Previewer.xcdatamodeld */; };
		B72CAB97236E24F5001D71C7 /* Assets.xcassets in Resources */ = {isa = PBXBuildFile; fileRef = B72CAB96236E24F5001D71C7 /* Assets.xcassets */; };
		B72CAB9A236E24F5001D71C7 /* Preview Assets.xcassets in Resources */ = {isa = PBXBuildFile; fileRef = B72CAB99236E24F5001D71C7 /* Preview Assets.xcassets */; };
		B72CAB9D236E24F5001D71C7 /* Main.storyboard in Resources */ = {isa = PBXBuildFile; fileRef = B72CAB9B236E24F5001D71C7 /* Main.storyboard */; };
		B72CABA9236E24F5001D71C7 /* PreviewerTests.swift in Sources */ = {isa = PBXBuildFile; fileRef = B72CABA8236E24F5001D71C7 /* PreviewerTests.swift */; };
		B72CABB4236E24F6001D71C7 /* PreviewerUITests.swift in Sources */ = {isa = PBXBuildFile; fileRef = B72CABB3236E24F6001D71C7 /* PreviewerUITests.swift */; };
/* End PBXBuildFile section */

/* Begin PBXContainerItemProxy section */
		B72CABA5236E24F5001D71C7 /* PBXContainerItemProxy */ = {
			isa = PBXContainerItemProxy;
			containerPortal = B72CAB84236E24F3001D71C7 /* Project object */;
			proxyType = 1;
			remoteGlobalIDString = B72CAB8B236E24F3001D71C7;
			remoteInfo = Previewer;
		};
		B72CABB0236E24F6001D71C7 /* PBXContainerItemProxy */ = {
			isa = PBXContainerItemProxy;
			containerPortal = B72CAB84236E24F3001D71C7 /* Project object */;
			proxyType = 1;
			remoteGlobalIDString = B72CAB8B236E24F3001D71C7;
			remoteInfo = Previewer;
		};
/* End PBXContainerItemProxy section */

/* Begin PBXFileReference section */
		B72CAB8C236E24F3001D71C7 /* Previewer.app */ = {isa = PBXFileReference; explicitFileType = wrapper.application; includeInIndex = 0; path = Previewer.app; sourceTree = BUILT_PRODUCTS_DIR; };
		B72CAB8F236E24F3001D71C7 /* AppDelegate.swift */ = {isa = PBXFileReference; lastKnownFileType = sourcecode.swift; path = AppDelegate.swift; sourceTree = "<group>"; };
		B72CAB91236E24F3001D71C7 /* ContentView.swift */ = {isa = PBXFileReference; lastKnownFileType = sourcecode.swift; path = ContentView.swift; sourceTree = "<group>"; };
		B72CAB94236E24F3001D71C7 /* Previewer.xcdatamodel */ = {isa = PBXFileReference; lastKnownFileType = wrapper.xcdatamodel; path = Previewer.xcdatamodel; sourceTree = "<group>"; };
		B72CAB96236E24F5001D71C7 /* Assets.xcassets */ = {isa = PBXFileReference; lastKnownFileType = folder.assetcatalog; path = Assets.xcassets; sourceTree = "<group>"; };
		B72CAB99236E24F5001D71C7 /* Preview Assets.xcassets */ = {isa = PBXFileReference; lastKnownFileType = folder.assetcatalog; path = "Preview Assets.xcassets"; sourceTree = "<group>"; };
		B72CAB9C236E24F5001D71C7 /* Base */ = {isa = PBXFileReference; lastKnownFileType = file.storyboard; name = Base; path = Base.lproj/Main.storyboard; sourceTree = "<group>"; };
		B72CAB9E236E24F5001D71C7 /* Info.plist */ = {isa = PBXFileReference; lastKnownFileType = text.plist.xml; path = Info.plist; sourceTree = "<group>"; };
		B72CAB9F236E24F5001D71C7 /* Previewer.entitlements */ = {isa = PBXFileReference; lastKnownFileType = text.plist.entitlements; path = Previewer.entitlements; sourceTree = "<group>"; };
		B72CABA4236E24F5001D71C7 /* PreviewerTests.xctest */ = {isa = PBXFileReference; explicitFileType = wrapper.cfbundle; includeInIndex = 0; path = PreviewerTests.xctest; sourceTree = BUILT_PRODUCTS_DIR; };
		B72CABA8236E24F5001D71C7 /* PreviewerTests.swift */ = {isa = PBXFileReference; lastKnownFileType = sourcecode.swift; path = PreviewerTests.swift; sourceTree = "<group>"; };
		B72CABAA236E24F6001D71C7 /* Info.plist */ = {isa = PBXFileReference; lastKnownFileType = text.plist.xml; path = Info.plist; sourceTree = "<group>"; };
		B72CABAF236E24F6001D71C7 /* PreviewerUITests.xctest */ = {isa = PBXFileReference; explicitFileType = wrapper.cfbundle; includeInIndex = 0; path = PreviewerUITests.xctest; sourceTree = BUILT_PRODUCTS_DIR; };
		B72CABB3236E24F6001D71C7 /* PreviewerUITests.swift */ = {isa = PBXFileReference; lastKnownFileType = sourcecode.swift; path = PreviewerUITests.swift; sourceTree = "<group>"; };
		B72CABB5236E24F6001D71C7 /* Info.plist */ = {isa = PBXFileReference; lastKnownFileType = text.plist.xml; path = Info.plist; sourceTree = "<group>"; };
/* End PBXFileReference section */

/* Begin PBXFrameworksBuildPhase section */
		B72CAB89236E24F3001D71C7 /* Frameworks */ = {
			isa = PBXFrameworksBuildPhase;
			buildActionMask = 2147483647;
			files = (
			);
			runOnlyForDeploymentPostprocessing = 0;
		};
		B72CABA1236E24F5001D71C7 /* Frameworks */ = {
			isa = PBXFrameworksBuildPhase;
			buildActionMask = 2147483647;
			files = (
			);
			runOnlyForDeploymentPostprocessing = 0;
		};
		B72CABAC236E24F6001D71C7 /* Frameworks */ = {
			isa = PBXFrameworksBuildPhase;
			buildActionMask = 2147483647;
			files = (
			);
			runOnlyForDeploymentPostprocessing = 0;
		};
/* End PBXFrameworksBuildPhase section */

/* Begin PBXGroup section */
		B72CAB83236E24F3001D71C7 = {
			isa = PBXGroup;
			children = (
				B72CAB8E236E24F3001D71C7 /* Previewer */,
				B72CABA7236E24F5001D71C7 /* PreviewerTests */,
				B72CABB2236E24F6001D71C7 /* PreviewerUITests */,
				B72CAB8D236E24F3001D71C7 /* Products */,
			);
			sourceTree = "<group>";
		};
		B72CAB8D236E24F3001D71C7 /* Products */ = {
			isa = PBXGroup;
			children = (
				B72CAB8C236E24F3001D71C7 /* Previewer.app */,
				B72CABA4236E24F5001D71C7 /* PreviewerTests.xctest */,
				B72CABAF236E24F6001D71C7 /* PreviewerUITests.xctest */,
			);
			name = Products;
			sourceTree = "<group>";
		};
		B72CAB8E236E24F3001D71C7 /* Previewer */ = {
			isa = PBXGroup;
			children = (
				B72CAB8F236E24F3001D71C7 /* AppDelegate.swift */,
				B72CAB91236E24F3001D71C7 /* ContentView.swift */,
				B72CAB96236E24F5001D71C7 /* Assets.xcassets */,
				B72CAB9B236E24F5001D71C7 /* Main.storyboard */,
				B72CAB9E236E24F5001D71C7 /* Info.plist */,
				B72CAB9F236E24F5001D71C7 /* Previewer.entitlements */,
				B72CAB93236E24F3001D71C7 /* Previewer.xcdatamodeld */,
				B72CAB98236E24F5001D71C7 /* Preview Content */,
			);
			path = Previewer;
			sourceTree = "<group>";
		};
		B72CAB98236E24F5001D71C7 /* Preview Content */ = {
			isa = PBXGroup;
			children = (
				B72CAB99236E24F5001D71C7 /* Preview Assets.xcassets */,
			);
			path = "Preview Content";
			sourceTree = "<group>";
		};
		B72CABA7236E24F5001D71C7 /* PreviewerTests */ = {
			isa = PBXGroup;
			children = (
				B72CABA8236E24F5001D71C7 /* PreviewerTests.swift */,
				B72CABAA236E24F6001D71C7 /* Info.plist */,
			);
			path = PreviewerTests;
			sourceTree = "<group>";
		};
		B72CABB2236E24F6001D71C7 /* PreviewerUITests */ = {
			isa = PBXGroup;
			children = (
				B72CABB3236E24F6001D71C7 /* PreviewerUITests.swift */,
				B72CABB5236E24F6001D71C7 /* Info.plist */,
			);
			path = PreviewerUITests;
			sourceTree = "<group>";
		};
/* End PBXGroup section */

/* Begin PBXNativeTarget section */
		B72CAB8B236E24F3001D71C7 /* Previewer */ = {
			isa = PBXNativeTarget;
			buildConfigurationList = B72CABB8236E24F6001D71C7 /* Build configuration list for PBXNativeTarget "Previewer" */;
			buildPhases = (
				B72CAB88236E24F3001D71C7 /* Sources */,
				B72CAB89236E24F3001D71C7 /* Frameworks */,
				B72CAB8A236E24F3001D71C7 /* Resources */,
			);
			buildRules = (
			);
			dependencies = (
			);
			name = Previewer;
			productName = Previewer;
			productReference = B72CAB8C236E24F3001D71C7 /* Previewer.app */;
			productType = "com.apple.product-type.application";
		};
		B72CABA3236E24F5001D71C7 /* PreviewerTests */ = {
			isa = PBXNativeTarget;
			buildConfigurationList = B72CABBB236E24F6001D71C7 /* Build configuration list for PBXNativeTarget "PreviewerTests" */;
			buildPhases = (
				B72CABA0236E24F5001D71C7 /* Sources */,
				B72CABA1236E24F5001D71C7 /* Frameworks */,
				B72CABA2236E24F5001D71C7 /* Resources */,
			);
			buildRules = (
			);
			dependencies = (
				B72CABA6236E24F5001D71C7 /* PBXTargetDependency */,
			);
			name = PreviewerTests;
			productName = PreviewerTests;
			productReference = B72CABA4236E24F5001D71C7 /* PreviewerTests.xctest */;
			productType = "com.apple.product-type.bundle.unit-test";
		};
		B72CABAE236E24F6001D71C7 /* PreviewerUITests */ = {
			isa = PBXNativeTarget;
			buildConfigurationList = B72CABBE236E24F6001D71C7 /* Build configuration list for PBXNativeTarget "PreviewerUITests" */;
			buildPhases = (
				B72CABAB236E24F6001D71C7 /* Sources */,
				B72CABAC236E24F6001D71C7 /* Frameworks */,
				B72CABAD236E24F6001D71C7 /* Resources */,
			);
			buildRules = (
			);
			dependencies = (
				B72CABB1236E24F6001D71C7 /* PBXTargetDependency */,
			);
			name = PreviewerUITests;
			productName = PreviewerUITests;
			productReference = B72CABAF236E24F6001D71C7 /* PreviewerUITests.xctest */;
			productType = "com.apple.product-type.bundle.ui-testing";
		};
/* End PBXNativeTarget section */

/* Begin PBXProject section */
		B72CAB84236E24F3001D71C7 /* Project object */ = {
			isa = PBXProject;
			attributes = {
				LastSwiftUpdateCheck = 1110;
				LastUpgradeCheck = 1110;
				ORGANIZATIONNAME = "Abdullah Alhaider";
				TargetAttributes = {
					B72CAB8B236E24F3001D71C7 = {
						CreatedOnToolsVersion = 11.1;
					};
					B72CABA3236E24F5001D71C7 = {
						CreatedOnToolsVersion = 11.1;
						TestTargetID = B72CAB8B236E24F3001D71C7;
					};
					B72CABAE236E24F6001D71C7 = {
						CreatedOnToolsVersion = 11.1;
						TestTargetID = B72CAB8B236E24F3001D71C7;
					};
				};
			};
			buildConfigurationList = B72CAB87236E24F3001D71C7 /* Build configuration list for PBXProject "Previewer" */;
			compatibilityVersion = "Xcode 9.3";
			developmentRegion = en;
			hasScannedForEncodings = 0;
			knownRegions = (
				en,
				Base,
			);
			mainGroup = B72CAB83236E24F3001D71C7;
			productRefGroup = B72CAB8D236E24F3001D71C7 /* Products */;
			projectDirPath = "";
			projectRoot = "";
			targets = (
				B72CAB8B236E24F3001D71C7 /* Previewer */,
				B72CABA3236E24F5001D71C7 /* PreviewerTests */,
				B72CABAE236E24F6001D71C7 /* PreviewerUITests */,
			);
		};
/* End PBXProject section */

/* Begin PBXResourcesBuildPhase section */
		B72CAB8A236E24F3001D71C7 /* Resources */ = {
			isa = PBXResourcesBuildPhase;
			buildActionMask = 2147483647;
			files = (
				B72CAB9D236E24F5001D71C7 /* Main.storyboard in Resources */,
				B72CAB9A236E24F5001D71C7 /* Preview Assets.xcassets in Resources */,
				B72CAB97236E24F5001D71C7 /* Assets.xcassets in Resources */,
			);
			runOnlyForDeploymentPostprocessing = 0;
		};
		B72CABA2236E24F5001D71C7 /* Resources */ = {
			isa = PBXResourcesBuildPhase;
			buildActionMask = 2147483647;
			files = (
			);
			runOnlyForDeploymentPostprocessing = 0;
		};
		B72CABAD236E24F6001D71C7 /* Resources */ = {
			isa = PBXResourcesBuildPhase;
			buildActionMask = 2147483647;
			files = (
			);
			runOnlyForDeploymentPostprocessing = 0;
		};
/* End PBXResourcesBuildPhase section */

/* Begin PBXSourcesBuildPhase section */
		B72CAB88236E24F3001D71C7 /* Sources */ = {
			isa = PBXSourcesBuildPhase;
			buildActionMask = 2147483647;
			files = (
				B72CAB95236E24F3001D71C7 /* Previewer.xcdatamodeld in Sources */,
				B72CAB92236E24F3001D71C7 /* ContentView.swift in Sources */,
				B72CAB90236E24F3001D71C7 /* AppDelegate.swift in Sources */,
			);
			runOnlyForDeploymentPostprocessing = 0;
		};
		B72CABA0236E24F5001D71C7 /* Sources */ = {
			isa = PBXSourcesBuildPhase;
			buildActionMask = 2147483647;
			files = (
				B72CABA9236E24F5001D71C7 /* PreviewerTests.swift in Sources */,
			);
			runOnlyForDeploymentPostprocessing = 0;
		};
		B72CABAB236E24F6001D71C7 /* Sources */ = {
			isa = PBXSourcesBuildPhase;
			buildActionMask = 2147483647;
			files = (
				B72CABB4236E24F6001D71C7 /* PreviewerUITests.swift in Sources */,
			);
			runOnlyForDeploymentPostprocessing = 0;
		};
/* End PBXSourcesBuildPhase section */

/* Begin PBXTargetDependency section */
		B72CABA6236E24F5001D71C7 /* PBXTargetDependency */ = {
			isa = PBXTargetDependency;
			target = B72CAB8B236E24F3001D71C7 /* Previewer */;
			targetProxy = B72CABA5236E24F5001D71C7 /* PBXContainerItemProxy */;
		};
		B72CABB1236E24F6001D71C7 /* PBXTargetDependency */ = {
			isa = PBXTargetDependency;
			target = B72CAB8B236E24F3001D71C7 /* Previewer */;
			targetProxy = B72CABB0236E24F6001D71C7 /* PBXContainerItemProxy */;
		};
/* End PBXTargetDependency section */

/* Begin PBXVariantGroup section */
		B72CAB9B236E24F5001D71C7 /* Main.storyboard */ = {
			isa = PBXVariantGroup;
			children = (
				B72CAB9C236E24F5001D71C7 /* Base */,
			);
			name = Main.storyboard;
			sourceTree = "<group>";
		};
/* End PBXVariantGroup section */

/* Begin XCBuildConfiguration section */
		B72CABB6236E24F6001D71C7 /* Debug */ = {
			isa = XCBuildConfiguration;
			buildSettings = {
				ALWAYS_SEARCH_USER_PATHS = NO;
				CLANG_ANALYZER_NONNULL = YES;
				CLANG_ANALYZER_NUMBER_OBJECT_CONVERSION = YES_AGGRESSIVE;
				CLANG_CXX_LANGUAGE_STANDARD = "gnu++14";
				CLANG_CXX_LIBRARY = "libc++";
				CLANG_ENABLE_MODULES = YES;
				CLANG_ENABLE_OBJC_ARC = YES;
				CLANG_ENABLE_OBJC_WEAK = YES;
				CLANG_WARN_BLOCK_CAPTURE_AUTORELEASING = YES;
				CLANG_WARN_BOOL_CONVERSION = YES;
				CLANG_WARN_COMMA = YES;
				CLANG_WARN_CONSTANT_CONVERSION = YES;
				CLANG_WARN_DEPRECATED_OBJC_IMPLEMENTATIONS = YES;
				CLANG_WARN_DIRECT_OBJC_ISA_USAGE = YES_ERROR;
				CLANG_WARN_DOCUMENTATION_COMMENTS = YES;
				CLANG_WARN_EMPTY_BODY = YES;
				CLANG_WARN_ENUM_CONVERSION = YES;
				CLANG_WARN_INFINITE_RECURSION = YES;
				CLANG_WARN_INT_CONVERSION = YES;
				CLANG_WARN_NON_LITERAL_NULL_CONVERSION = YES;
				CLANG_WARN_OBJC_IMPLICIT_RETAIN_SELF = YES;
				CLANG_WARN_OBJC_LITERAL_CONVERSION = YES;
				CLANG_WARN_OBJC_ROOT_CLASS = YES_ERROR;
				CLANG_WARN_RANGE_LOOP_ANALYSIS = YES;
				CLANG_WARN_STRICT_PROTOTYPES = YES;
				CLANG_WARN_SUSPICIOUS_MOVE = YES;
				CLANG_WARN_UNGUARDED_AVAILABILITY = YES_AGGRESSIVE;
				CLANG_WARN_UNREACHABLE_CODE = YES;
				CLANG_WARN__DUPLICATE_METHOD_MATCH = YES;
				COPY_PHASE_STRIP = NO;
				DEBUG_INFORMATION_FORMAT = dwarf;
				ENABLE_STRICT_OBJC_MSGSEND = YES;
				ENABLE_TESTABILITY = YES;
				GCC_C_LANGUAGE_STANDARD = gnu11;
				GCC_DYNAMIC_NO_PIC = NO;
				GCC_NO_COMMON_BLOCKS = YES;
				GCC_OPTIMIZATION_LEVEL = 0;
				GCC_PREPROCESSOR_DEFINITIONS = (
					"DEBUG=1",
					"$(inherited)",
				);
				GCC_WARN_64_TO_32_BIT_CONVERSION = YES;
				GCC_WARN_ABOUT_RETURN_TYPE = YES_ERROR;
				GCC_WARN_UNDECLARED_SELECTOR = YES;
				GCC_WARN_UNINITIALIZED_AUTOS = YES_AGGRESSIVE;
				GCC_WARN_UNUSED_FUNCTION = YES;
				GCC_WARN_UNUSED_VARIABLE = YES;
				MACOSX_DEPLOYMENT_TARGET = 10.15;
				MTL_ENABLE_DEBUG_INFO = INCLUDE_SOURCE;
				MTL_FAST_MATH = YES;
				ONLY_ACTIVE_ARCH = YES;
				SDKROOT = macosx;
				SWIFT_ACTIVE_COMPILATION_CONDITIONS = DEBUG;
				SWIFT_OPTIMIZATION_LEVEL = "-Onone";
			};
			name = Debug;
		};
		B72CABB7236E24F6001D71C7 /* Release */ = {
			isa = XCBuildConfiguration;
			buildSettings = {
				ALWAYS_SEARCH_USER_PATHS = NO;
				CLANG_ANALYZER_NONNULL = YES;
				CLANG_ANALYZER_NUMBER_OBJECT_CONVERSION = YES_AGGRESSIVE;
				CLANG_CXX_LANGUAGE_STANDARD = "gnu++14";
				CLANG_CXX_LIBRARY = "libc++";
				CLANG_ENABLE_MODULES = YES;
				CLANG_ENABLE_OBJC_ARC = YES;
				CLANG_ENABLE_OBJC_WEAK = YES;
				CLANG_WARN_BLOCK_CAPTURE_AUTORELEASING = YES;
				CLANG_WARN_BOOL_CONVERSION = YES;
				CLANG_WARN_COMMA = YES;
				CLANG_WARN_CONSTANT_CONVERSION = YES;
				CLANG_WARN_DEPRECATED_OBJC_IMPLEMENTATIONS = YES;
				CLANG_WARN_DIRECT_OBJC_ISA_USAGE = YES_ERROR;
				CLANG_WARN_DOCUMENTATION_COMMENTS = YES;
				CLANG_WARN_EMPTY_BODY = YES;
				CLANG_WARN_ENUM_CONVERSION = YES;
				CLANG_WARN_INFINITE_RECURSION = YES;
				CLANG_WARN_INT_CONVERSION = YES;
				CLANG_WARN_NON_LITERAL_NULL_CONVERSION = YES;
				CLANG_WARN_OBJC_IMPLICIT_RETAIN_SELF = YES;
				CLANG_WARN_OBJC_LITERAL_CONVERSION = YES;
				CLANG_WARN_OBJC_ROOT_CLASS = YES_ERROR;
				CLANG_WARN_RANGE_LOOP_ANALYSIS = YES;
				CLANG_WARN_STRICT_PROTOTYPES = YES;
				CLANG_WARN_SUSPICIOUS_MOVE = YES;
				CLANG_WARN_UNGUARDED_AVAILABILITY = YES_AGGRESSIVE;
				CLANG_WARN_UNREACHABLE_CODE = YES;
				CLANG_WARN__DUPLICATE_METHOD_MATCH = YES;
				COPY_PHASE_STRIP = NO;
				DEBUG_INFORMATION_FORMAT = "dwarf-with-dsym";
				ENABLE_NS_ASSERTIONS = NO;
				ENABLE_STRICT_OBJC_MSGSEND = YES;
				GCC_C_LANGUAGE_STANDARD = gnu11;
				GCC_NO_COMMON_BLOCKS = YES;
				GCC_WARN_64_TO_32_BIT_CONVERSION = YES;
				GCC_WARN_ABOUT_RETURN_TYPE = YES_ERROR;
				GCC_WARN_UNDECLARED_SELECTOR = YES;
				GCC_WARN_UNINITIALIZED_AUTOS = YES_AGGRESSIVE;
				GCC_WARN_UNUSED_FUNCTION = YES;
				GCC_WARN_UNUSED_VARIABLE = YES;
				MACOSX_DEPLOYMENT_TARGET = 10.15;
				MTL_ENABLE_DEBUG_INFO = NO;
				MTL_FAST_MATH = YES;
				SDKROOT = macosx;
				SWIFT_COMPILATION_MODE = wholemodule;
				SWIFT_OPTIMIZATION_LEVEL = "-O";
			};
			name = Release;
		};
		B72CABB9236E24F6001D71C7 /* Debug */ = {
			isa = XCBuildConfiguration;
			buildSettings = {
				ASSETCATALOG_COMPILER_APPICON_NAME = AppIcon;
				CODE_SIGN_ENTITLEMENTS = Previewer/Previewer.entitlements;
				CODE_SIGN_STYLE = Automatic;
				COMBINE_HIDPI_IMAGES = YES;
				DEVELOPMENT_ASSET_PATHS = "\"Previewer/Preview Content\"";
				DEVELOPMENT_TEAM = G69L3HCQBT;
				ENABLE_HARDENED_RUNTIME = YES;
				ENABLE_PREVIEWS = YES;
				INFOPLIST_FILE = Previewer/Info.plist;
				LD_RUNPATH_SEARCH_PATHS = (
					"$(inherited)",
					"@executable_path/../Frameworks",
				);
				MACOSX_DEPLOYMENT_TARGET = 10.15;
				PRODUCT_BUNDLE_IDENTIFIER = net.alhaider.Previewer;
				PRODUCT_NAME = "$(TARGET_NAME)";
				SWIFT_VERSION = 5.0;
			};
			name = Debug;
		};
		B72CABBA236E24F6001D71C7 /* Release */ = {
			isa = XCBuildConfiguration;
			buildSettings = {
				ASSETCATALOG_COMPILER_APPICON_NAME = AppIcon;
				CODE_SIGN_ENTITLEMENTS = Previewer/Previewer.entitlements;
				CODE_SIGN_STYLE = Automatic;
				COMBINE_HIDPI_IMAGES = YES;
				DEVELOPMENT_ASSET_PATHS = "\"Previewer/Preview Content\"";
				DEVELOPMENT_TEAM = G69L3HCQBT;
				ENABLE_HARDENED_RUNTIME = YES;
				ENABLE_PREVIEWS = YES;
				INFOPLIST_FILE = Previewer/Info.plist;
				LD_RUNPATH_SEARCH_PATHS = (
					"$(inherited)",
					"@executable_path/../Frameworks",
				);
				MACOSX_DEPLOYMENT_TARGET = 10.15;
				PRODUCT_BUNDLE_IDENTIFIER = net.alhaider.Previewer;
				PRODUCT_NAME = "$(TARGET_NAME)";
				SWIFT_VERSION = 5.0;
			};
			name = Release;
		};
		B72CABBC236E24F6001D71C7 /* Debug */ = {
			isa = XCBuildConfiguration;
			buildSettings = {
				ALWAYS_EMBED_SWIFT_STANDARD_LIBRARIES = YES;
				BUNDLE_LOADER = "$(TEST_HOST)";
				CODE_SIGN_STYLE = Automatic;
				COMBINE_HIDPI_IMAGES = YES;
				DEVELOPMENT_TEAM = G69L3HCQBT;
				INFOPLIST_FILE = PreviewerTests/Info.plist;
				LD_RUNPATH_SEARCH_PATHS = (
					"$(inherited)",
					"@executable_path/../Frameworks",
					"@loader_path/../Frameworks",
				);
				MACOSX_DEPLOYMENT_TARGET = 10.15;
				PRODUCT_BUNDLE_IDENTIFIER = net.alhaider.PreviewerTests;
				PRODUCT_NAME = "$(TARGET_NAME)";
				SWIFT_VERSION = 5.0;
				TEST_HOST = "$(BUILT_PRODUCTS_DIR)/Previewer.app/Contents/MacOS/Previewer";
			};
			name = Debug;
		};
		B72CABBD236E24F6001D71C7 /* Release */ = {
			isa = XCBuildConfiguration;
			buildSettings = {
				ALWAYS_EMBED_SWIFT_STANDARD_LIBRARIES = YES;
				BUNDLE_LOADER = "$(TEST_HOST)";
				CODE_SIGN_STYLE = Automatic;
				COMBINE_HIDPI_IMAGES = YES;
				DEVELOPMENT_TEAM = G69L3HCQBT;
				INFOPLIST_FILE = PreviewerTests/Info.plist;
				LD_RUNPATH_SEARCH_PATHS = (
					"$(inherited)",
					"@executable_path/../Frameworks",
					"@loader_path/../Frameworks",
				);
				MACOSX_DEPLOYMENT_TARGET = 10.15;
				PRODUCT_BUNDLE_IDENTIFIER = net.alhaider.PreviewerTests;
				PRODUCT_NAME = "$(TARGET_NAME)";
				SWIFT_VERSION = 5.0;
				TEST_HOST = "$(BUILT_PRODUCTS_DIR)/Previewer.app/Contents/MacOS/Previewer";
			};
			name = Release;
		};
		B72CABBF236E24F6001D71C7 /* Debug */ = {
			isa = XCBuildConfiguration;
			buildSettings = {
				ALWAYS_EMBED_SWIFT_STANDARD_LIBRARIES = YES;
				CODE_SIGN_STYLE = Automatic;
				COMBINE_HIDPI_IMAGES = YES;
				DEVELOPMENT_TEAM = G69L3HCQBT;
				INFOPLIST_FILE = PreviewerUITests/Info.plist;
				LD_RUNPATH_SEARCH_PATHS = (
					"$(inherited)",
					"@executable_path/../Frameworks",
					"@loader_path/../Frameworks",
				);
				PRODUCT_BUNDLE_IDENTIFIER = net.alhaider.PreviewerUITests;
				PRODUCT_NAME = "$(TARGET_NAME)";
				SWIFT_VERSION = 5.0;
				TEST_TARGET_NAME = Previewer;
			};
			name = Debug;
		};
		B72CABC0236E24F6001D71C7 /* Release */ = {
			isa = XCBuildConfiguration;
			buildSettings = {
				ALWAYS_EMBED_SWIFT_STANDARD_LIBRARIES = YES;
				CODE_SIGN_STYLE = Automatic;
				COMBINE_HIDPI_IMAGES = YES;
				DEVELOPMENT_TEAM = G69L3HCQBT;
				INFOPLIST_FILE = PreviewerUITests/Info.plist;
				LD_RUNPATH_SEARCH_PATHS = (
					"$(inherited)",
					"@executable_path/../Frameworks",
					"@loader_path/../Frameworks",
				);
				PRODUCT_BUNDLE_IDENTIFIER = net.alhaider.PreviewerUITests;
				PRODUCT_NAME = "$(TARGET_NAME)";
				SWIFT_VERSION = 5.0;
				TEST_TARGET_NAME = Previewer;
			};
			name = Release;
		};
/* End XCBuildConfiguration section */

/* Begin XCConfigurationList section */
		B72CAB87236E24F3001D71C7 /* Build configuration list for PBXProject "Previewer" */ = {
			isa = XCConfigurationList;
			buildConfigurations = (
				B72CABB6236E24F6001D71C7 /* Debug */,
				B72CABB7236E24F6001D71C7 /* Release */,
			);
			defaultConfigurationIsVisible = 0;
			defaultConfigurationName = Release;
		};
		B72CABB8236E24F6001D71C7 /* Build configuration list for PBXNativeTarget "Previewer" */ = {
			isa = XCConfigurationList;
			buildConfigurations = (
				B72CABB9236E24F6001D71C7 /* Debug */,
				B72CABBA236E24F6001D71C7 /* Release */,
			);
			defaultConfigurationIsVisible = 0;
			defaultConfigurationName = Release;
		};
		B72CABBB236E24F6001D71C7 /* Build configuration list for PBXNativeTarget "PreviewerTests" */ = {
			isa = XCConfigurationList;
			buildConfigurations = (
				B72CABBC236E24F6001D71C7 /* Debug */,
				B72CABBD236E24F6001D71C7 /* Release */,
			);
			defaultConfigurationIsVisible = 0;
			defaultConfigurationName = Release;
		};
		B72CABBE236E24F6001D71C7 /* Build configuration list for PBXNativeTarget "PreviewerUITests" */ = {
			isa = XCConfigurationList;
			buildConfigurations = (
				B72CABBF236E24F6001D71C7 /* Debug */,
				B72CABC0236E24F6001D71C7 /* Release */,
			);
			defaultConfigurationIsVisible = 0;
			defaultConfigurationName = Release;
		};
/* End XCConfigurationList section */

/* Begin XCVersionGroup section */
		B72CAB93236E24F3001D71C7 /* Previewer.xcdatamodeld */ = {
			isa = XCVersionGroup;
			children = (
				B72CAB94236E24F3001D71C7 /* Previewer.xcdatamodel */,
			);
			currentVersion = B72CAB94236E24F3001D71C7 /* Previewer.xcdatamodel */;
			path = Previewer.xcdatamodeld;
			sourceTree = "<group>";
			versionGroupType = wrapper.xcdatamodel;
		};
/* End XCVersionGroup section */
	};
	rootObject = B72CAB84236E24F3001D71C7 /* Project object */;
}
